<Solution>
  <Folder Name="/src/">
    <Project Path="src/Toro/Toro.fsproj" />
    <Project Path="src/Toro.NN/Toro.NN.fsproj" />
    <Project Path="src/Toro.GNN/Toro.GNN.fsproj" />
    <Project Path="src/Toro.Hub/Toro.Hub.fsproj" />
    <Project Path="src/Toro.Models/Toro.Models.fsproj" />
    <Project Path="src/Toro.Vision/Toro.Vision.fsproj" />
    <Project Path="src/Toro.Text/Toro.Text.fsproj" />
  </Folder>
  <Folder Name="/tests/">
    <Project Path="tests/Toro.Tests/Toro.Tests.fsproj" />
    <Project Path="tests/Toro.NN.Tests/Toro.NN.Tests.fsproj" />
    <Project Path="tests/Toro.GNN.Tests/Toro.GNN.Tests.fsproj" />
    <Project Path="tests/Toro.Hub.Tests/Toro.Hub.Tests.fsproj" />
    <Project Path="tests/Toro.Models.Tests/Toro.Models.Tests.fsproj" />
    <Project Path="tests/Toro.Vision.Tests/Toro.Vision.Tests.fsproj" />
    <Project Path="tests/Toro.Text.Tests/Toro.Text.Tests.fsproj" />
  </Folder>
  <Folder Name="/examples/">
    <Project Path="examples/SimpleTraining/SimpleTraining.fsproj" />
    <Project Path="examples/MnistTraining/MnistTraining.fsproj" />
    <Project Path="examples/MnistAutoencoder/MnistAutoencoder.fsproj" />
    <Project Path="examples/MnistCnn/MnistCnn.fsproj" />
    <Project Path="examples/MnistGan/MnistGan.fsproj" />
    <Project Path="examples/LinearRegression/LinearRegression.fsproj" />
    <Project Path="examples/CharRnn/CharRnn.fsproj" />
    <Project Path="examples/TextClassifier/TextClassifier.fsproj" />
    <Project Path="examples/SimpleGcn/SimpleGcn.fsproj" />
    <Project Path="examples/HubSentiment/HubSentiment.fsproj" />
    <Project Path="examples/HubResNet18/HubResNet18.fsproj" />
    <Project Path="examples/HubClip/HubClip.fsproj" />
    <Project Path="examples/HubDistilGpt2/HubDistilGpt2.fsproj" />
    <Project Path="examples/HubSmolLm2/HubSmolLm2.fsproj" />
  </Folder>
</Solution>
