<Solution>
  <Folder Name="/src/">
    <Project Path="src/Toro/Toro.fsproj" />
    <Project Path="src/Toro.NN/Toro.NN.fsproj" />
  </Folder>
  <Folder Name="/tests/">
    <Project Path="tests/Toro.Tests/Toro.Tests.fsproj" />
  </Folder>
  <Folder Name="/examples/">
    <Project Path="examples/SimpleTraining/SimpleTraining.fsproj" />
    <Project Path="examples/MnistTraining/MnistTraining.fsproj" />
    <Project Path="examples/MnistAutoencoder/MnistAutoencoder.fsproj" />
    <Project Path="examples/MnistCnn/MnistCnn.fsproj" />
    <Project Path="examples/MnistGan/MnistGan.fsproj" />
    <Project Path="examples/LinearRegression/LinearRegression.fsproj" />
  </Folder>
</Solution>
